
Microsoft Visual Studio Solution File, Format Version 12.00
# Visual Studio 15
Project("{FAE04EC0-301F-11D3-BF4B-00C04F79EFBC}") = "SamajApp.Android", "SamajApp.Android\SamajApp.Android.csproj", "{4D4B792D-5A54-44E1-AD2A-3916C455B631}"
EndProject
Project("{FAE04EC0-301F-11D3-BF4B-00C04F79EFBC}") = "SamajApp.iOS", "SamajApp.iOS\SamajApp.iOS.csproj", "{E634C093-24E2-4FD8-A634-B6954BC11BEB}"
EndProject
Project("{FAE04EC0-301F-11D3-BF4B-00C04F79EFBC}") = "SamajApp", "SamajApp\SamajApp.csproj", "{8D2B29C3-8E0C-475F-BC59-A3F88E30D64D}"
EndProject
Global
	GlobalSection(SolutionConfigurationPlatforms) = preSolution
		Debug|Any CPU = Debug|Any CPU
		Release|Any CPU = Release|Any CPU
		Debug|iPhoneSimulator = Debug|iPhoneSimulator
		Release|iPhoneSimulator = Release|iPhoneSimulator
		Debug|iPhone = Debug|iPhone
		Release|iPhone = Release|iPhone
	EndGlobalSection
	GlobalSection(ProjectConfigurationPlatforms) = postSolution
		{4D4B792D-5A54-44E1-AD2A-3916C455B631}.Debug|Any CPU.ActiveCfg = Debug|Any CPU
		{4D4B792D-5A54-44E1-AD2A-3916C455B631}.Debug|Any CPU.Build.0 = Debug|Any CPU
		{4D4B792D-5A54-44E1-AD2A-3916C455B631}.Release|Any CPU.ActiveCfg = Release|Any CPU
		{4D4B792D-5A54-44E1-AD2A-3916C455B631}.Release|Any CPU.Build.0 = Release|Any CPU
		{4D4B792D-5A54-44E1-AD2A-3916C455B631}.Debug|iPhoneSimulator.ActiveCfg = Debug|Any CPU
		{4D4B792D-5A54-44E1-AD2A-3916C455B631}.Debug|iPhoneSimulator.Build.0 = Debug|Any CPU
		{4D4B792D-5A54-44E1-AD2A-3916C455B631}.Release|iPhoneSimulator.ActiveCfg = Release|Any CPU
		{4D4B792D-5A54-44E1-AD2A-3916C455B631}.Release|iPhoneSimulator.Build.0 = Release|Any CPU
		{4D4B792D-5A54-44E1-AD2A-3916C455B631}.Debug|iPhone.ActiveCfg = Debug|Any CPU
		{4D4B792D-5A54-44E1-AD2A-3916C455B631}.Debug|iPhone.Build.0 = Debug|Any CPU
		{4D4B792D-5A54-44E1-AD2A-3916C455B631}.Release|iPhone.ActiveCfg = Release|Any CPU
		{4D4B792D-5A54-44E1-AD2A-3916C455B631}.Release|iPhone.Build.0 = Release|Any CPU
		{E634C093-24E2-4FD8-A634-B6954BC11BEB}.Debug|Any CPU.ActiveCfg = Debug|iPhoneSimulator
		{E634C093-24E2-4FD8-A634-B6954BC11BEB}.Debug|Any CPU.Build.0 = Debug|iPhoneSimulator
		{E634C093-24E2-4FD8-A634-B6954BC11BEB}.Release|Any CPU.ActiveCfg = Release|iPhoneSimulator
		{E634C093-24E2-4FD8-A634-B6954BC11BEB}.Release|Any CPU.Build.0 = Release|iPhoneSimulator
		{E634C093-24E2-4FD8-A634-B6954BC11BEB}.Debug|iPhoneSimulator.ActiveCfg = Debug|iPhoneSimulator
		{E634C093-24E2-4FD8-A634-B6954BC11BEB}.Debug|iPhoneSimulator.Build.0 = Debug|iPhoneSimulator
		{E634C093-24E2-4FD8-A634-B6954BC11BEB}.Release|iPhoneSimulator.ActiveCfg = Release|iPhoneSimulator
		{E634C093-24E2-4FD8-A634-B6954BC11BEB}.Release|iPhoneSimulator.Build.0 = Release|iPhoneSimulator
		{E634C093-24E2-4FD8-A634-B6954BC11BEB}.Debug|iPhone.ActiveCfg = Debug|iPhone
		{E634C093-24E2-4FD8-A634-B6954BC11BEB}.Debug|iPhone.Build.0 = Debug|iPhone
		{E634C093-24E2-4FD8-A634-B6954BC11BEB}.Release|iPhone.ActiveCfg = Release|iPhone
		{E634C093-24E2-4FD8-A634-B6954BC11BEB}.Release|iPhone.Build.0 = Release|iPhone
		{8D2B29C3-8E0C-475F-BC59-A3F88E30D64D}.Debug|Any CPU.ActiveCfg = Debug|Any CPU
		{8D2B29C3-8E0C-475F-BC59-A3F88E30D64D}.Debug|Any CPU.Build.0 = Debug|Any CPU
		{8D2B29C3-8E0C-475F-BC59-A3F88E30D64D}.Release|Any CPU.ActiveCfg = Release|Any CPU
		{8D2B29C3-8E0C-475F-BC59-A3F88E30D64D}.Release|Any CPU.Build.0 = Release|Any CPU
		{8D2B29C3-8E0C-475F-BC59-A3F88E30D64D}.Debug|iPhoneSimulator.ActiveCfg = Debug|Any CPU
		{8D2B29C3-8E0C-475F-BC59-A3F88E30D64D}.Debug|iPhoneSimulator.Build.0 = Debug|Any CPU
		{8D2B29C3-8E0C-475F-BC59-A3F88E30D64D}.Release|iPhoneSimulator.ActiveCfg = Release|Any CPU
		{8D2B29C3-8E0C-475F-BC59-A3F88E30D64D}.Release|iPhoneSimulator.Build.0 = Release|Any CPU
		{8D2B29C3-8E0C-475F-BC59-A3F88E30D64D}.Debug|iPhone.ActiveCfg = Debug|Any CPU
		{8D2B29C3-8E0C-475F-BC59-A3F88E30D64D}.Debug|iPhone.Build.0 = Debug|Any CPU
		{8D2B29C3-8E0C-475F-BC59-A3F88E30D64D}.Release|iPhone.ActiveCfg = Release|Any CPU
		{8D2B29C3-8E0C-475F-BC59-A3F88E30D64D}.Release|iPhone.Build.0 = Release|Any CPU
	EndGlobalSection
EndGlobal
